
Microsoft Visual Studio Solution File, Format Version 12.00
# Visual Studio 15
VisualStudioVersion = 15.0.28010.2003
MinimumVisualStudioVersion = 10.0.40219.1
Project("{9A19103F-16F7-4668-BE54-9A1E7A4F7556}") = "LetsPlayAGame.BussinessLogic", "LetsPlayAGame.BussinessLogic\LetsPlayAGame.BussinessLogic.csproj", "{A5A308DC-1308-41C1-B20D-0844724B51BD}"
EndProject
Project("{9A19103F-16F7-4668-BE54-9A1E7A4F7556}") = "LetsPlayAGame.Data", "LetsPlayAGame.Data\LetsPlayAGame.Data.csproj", "{FC65BC4C-A4C3-4AA4-B2B2-72C1848B5966}"
EndProject
Project("{9A19103F-16F7-4668-BE54-9A1E7A4F7556}") = "LetsPlayAGame.Web", "LetsPlayAGame.Web\LetsPlayAGame.Web.csproj", "{BAB361E1-3A05-4F2D-A1EF-8270254FCBD3}"
EndProject
Global
	GlobalSection(SolutionConfigurationPlatforms) = preSolution
		Debug|Any CPU = Debug|Any CPU
		Release|Any CPU = Release|Any CPU
	EndGlobalSection
	GlobalSection(ProjectConfigurationPlatforms) = postSolution
		{A5A308DC-1308-41C1-B20D-0844724B51BD}.Debug|Any CPU.ActiveCfg = Debug|Any CPU
		{A5A308DC-1308-41C1-B20D-0844724B51BD}.Debug|Any CPU.Build.0 = Debug|Any CPU
		{A5A308DC-1308-41C1-B20D-0844724B51BD}.Release|Any CPU.ActiveCfg = Release|Any CPU
		{A5A308DC-1308-41C1-B20D-0844724B51BD}.Release|Any CPU.Build.0 = Release|Any CPU
		{FC65BC4C-A4C3-4AA4-B2B2-72C1848B5966}.Debug|Any CPU.ActiveCfg = Debug|Any CPU
		{FC65BC4C-A4C3-4AA4-B2B2-72C1848B5966}.Debug|Any CPU.Build.0 = Debug|Any CPU
		{FC65BC4C-A4C3-4AA4-B2B2-72C1848B5966}.Release|Any CPU.ActiveCfg = Release|Any CPU
		{FC65BC4C-A4C3-4AA4-B2B2-72C1848B5966}.Release|Any CPU.Build.0 = Release|Any CPU
		{BAB361E1-3A05-4F2D-A1EF-8270254FCBD3}.Debug|Any CPU.ActiveCfg = Debug|Any CPU
		{BAB361E1-3A05-4F2D-A1EF-8270254FCBD3}.Debug|Any CPU.Build.0 = Debug|Any CPU
		{BAB361E1-3A05-4F2D-A1EF-8270254FCBD3}.Release|Any CPU.ActiveCfg = Release|Any CPU
		{BAB361E1-3A05-4F2D-A1EF-8270254FCBD3}.Release|Any CPU.Build.0 = Release|Any CPU
	EndGlobalSection
	GlobalSection(SolutionProperties) = preSolution
		HideSolutionNode = FALSE
	EndGlobalSection
	GlobalSection(ExtensibilityGlobals) = postSolution
		SolutionGuid = {B906E20F-94A7-408B-8EDA-8FF91549EB08}
	EndGlobalSection
EndGlobal
